# This file is autogenerated, do not edit; changes may be undone by the next 'dep ensure'.


[[projects]]
  name = "github.com/PuerkitoBio/goquery"
  packages = ["."]
  revision = "a86ea073017a6beddef78c8659e7224e8ca634b0"
  version = "v1.4.0"

[[projects]]
  name = "github.com/andybalholm/cascadia"
  packages = ["."]
  revision = "901648c87902174f774fac311d7f176f8647bdaa"
  version = "v1.0.0"

[[projects]]
  name = "github.com/julienschmidt/httprouter"
  packages = ["."]
  revision = "8c199fb6259ffc1af525cc3ad52ee60ba8359669"
  version = "v1.1"

[[projects]]
  branch = "master"
  name = "golang.org/x/net"
  packages = [
    "html",
    "html/atom"
  ]
  revision = "2491c5de3490fced2f6cff376127c667efeed857"

[solve-meta]
  analyzer-name = "dep"
  analyzer-version = 1
  inputs-digest = "6cafc7e4e6d17622fe456c8e4df19b4b44aa4f0a9e80ddddbe2f07fa2e0c4b7e"
  solver-name = "gps-cdcl"
  solver-version = 1
